// !$*UTF8*$!
{
	archiveVersion = 1;
	classes = {
	};
	objectVersion = 50;
	objects = {

/* Begin PBXBuildFile section */
		F1B09D56249E0BA200701392 /* AppDelegate.swift in Sources */ = {isa = PBXBuildFile; fileRef = F1B09D55249E0BA200701392 /* AppDelegate.swift */; };
		F1B09D58249E0BA200701392 /* SceneDelegate.swift in Sources */ = {isa = PBXBuildFile; fileRef = F1B09D57249E0BA200701392 /* SceneDelegate.swift */; };
		F1B09D5A249E0BA200701392 /* ViewController.swift in Sources */ = {isa = PBXBuildFile; fileRef = F1B09D59249E0BA200701392 /* ViewController.swift */; };
		F1B09D5D249E0BA200701392 /* Main.storyboard in Resources */ = {isa = PBXBuildFile; fileRef = F1B09D5B249E0BA200701392 /* Main.storyboard */; };
		F1B09D5F249E0BA400701392 /* Assets.xcassets in Resources */ = {isa = PBXBuildFile; fileRef = F1B09D5E249E0BA400701392 /* Assets.xcassets */; };
		F1B09D62249E0BA400701392 /* LaunchScreen.storyboard in Resources */ = {isa = PBXBuildFile; fileRef = F1B09D60249E0BA400701392 /* LaunchScreen.storyboard */; };
		F1B09D6A249E0BDD00701392 /* Hands.mlmodel in Sources */ = {isa = PBXBuildFile; fileRef = F1B09D69249E0BDD00701392 /* Hands.mlmodel */; };
		F1B09D6C249E0C5300701392 /* HandDetector.swift in Sources */ = {isa = PBXBuildFile; fileRef = F1B09D6B249E0C5300701392 /* HandDetector.swift */; };
/* End PBXBuildFile section */

/* Begin PBXFileReference section */
		F1B09D52249E0BA200701392 /* HandTrackingTest.app */ = {isa = PBXFileReference; explicitFileType = wrapper.application; includeInIndex = 0; path = HandTrackingTest.app; sourceTree = BUILT_PRODUCTS_DIR; };
		F1B09D55249E0BA200701392 /* AppDelegate.swift */ = {isa = PBXFileReference; lastKnownFileType = sourcecode.swift; path = AppDelegate.swift; sourceTree = "<group>"; };
		F1B09D57249E0BA200701392 /* SceneDelegate.swift */ = {isa = PBXFileReference; lastKnownFileType = sourcecode.swift; path = SceneDelegate.swift; sourceTree = "<group>"; };
		F1B09D59249E0BA200701392 /* ViewController.swift */ = {isa = PBXFileReference; lastKnownFileType = sourcecode.swift; path = ViewController.swift; sourceTree = "<group>"; };
		F1B09D5C249E0BA200701392 /* Base */ = {isa = PBXFileReference; lastKnownFileType = file.storyboard; name = Base; path = Base.lproj/Main.storyboard; sourceTree = "<group>"; };
		F1B09D5E249E0BA400701392 /* Assets.xcassets */ = {isa = PBXFileReference; lastKnownFileType = folder.assetcatalog; path = Assets.xcassets; sourceTree = "<group>"; };
		F1B09D61249E0BA400701392 /* Base */ = {isa = PBXFileReference; lastKnownFileType = file.storyboard; name = Base; path = Base.lproj/LaunchScreen.storyboard; sourceTree = "<group>"; };
		F1B09D63249E0BA400701392 /* Info.plist */ = {isa = PBXFileReference; lastKnownFileType = text.plist.xml; path = Info.plist; sourceTree = "<group>"; };
		F1B09D69249E0BDD00701392 /* Hands.mlmodel */ = {isa = PBXFileReference; lastKnownFileType = file.mlmodel; name = Hands.mlmodel; path = ../../Hands.mlmodel; sourceTree = "<group>"; };
		F1B09D6B249E0C5300701392 /* HandDetector.swift */ = {isa = PBXFileReference; fileEncoding = 4; lastKnownFileType = sourcecode.swift; path = HandDetector.swift; sourceTree = "<group>"; };
/* End PBXFileReference section */

/* Begin PBXFrameworksBuildPhase section */
		F1B09D4F249E0BA200701392 /* Frameworks */ = {
			isa = PBXFrameworksBuildPhase;
			buildActionMask = 2147483647;
			files = (
			);
			runOnlyForDeploymentPostprocessing = 0;
		};
/* End PBXFrameworksBuildPhase section */

/* Begin PBXGroup section */
		F1B09D49249E0BA200701392 = {
			isa = PBXGroup;
			children = (
				F1B09D54249E0BA200701392 /* HandTrackingTest */,
				F1B09D53249E0BA200701392 /* Products */,
			);
			sourceTree = "<group>";
		};
		F1B09D53249E0BA200701392 /* Products */ = {
			isa = PBXGroup;
			children = (
				F1B09D52249E0BA200701392 /* HandTrackingTest.app */,
			);
			name = Products;
			sourceTree = "<group>";
		};
		F1B09D54249E0BA200701392 /* HandTrackingTest */ = {
			isa = PBXGroup;
			children = (
				F1B09D6B249E0C5300701392 /* HandDetector.swift */,
				F1B09D55249E0BA200701392 /* AppDelegate.swift */,
				F1B09D57249E0BA200701392 /* SceneDelegate.swift */,
				F1B09D59249E0BA200701392 /* ViewController.swift */,
				F1B09D5B249E0BA200701392 /* Main.storyboard */,
				F1B09D69249E0BDD00701392 /* Hands.mlmodel */,
				F1B09D5E249E0BA400701392 /* Assets.xcassets */,
				F1B09D60249E0BA400701392 /* LaunchScreen.storyboard */,
				F1B09D63249E0BA400701392 /* Info.plist */,
			);
			path = HandTrackingTest;
			sourceTree = "<group>";
		};
/* End PBXGroup section */

/* Begin PBXNativeTarget section */
		F1B09D51249E0BA200701392 /* HandTrackingTest */ = {
			isa = PBXNativeTarget;
			buildConfigurationList = F1B09D66249E0BA400701392 /* Build configuration list for PBXNativeTarget "HandTrackingTest" */;
			buildPhases = (
				F1B09D4E249E0BA200701392 /* Sources */,
				F1B09D4F249E0BA200701392 /* Frameworks */,
				F1B09D50249E0BA200701392 /* Resources */,
			);
			buildRules = (
			);
			dependencies = (
			);
			name = HandTrackingTest;
			productName = HandTrackingTest;
			productReference = F1B09D52249E0BA200701392 /* HandTrackingTest.app */;
			productType = "com.apple.product-type.application";
		};
/* End PBXNativeTarget section */

/* Begin PBXProject section */
		F1B09D4A249E0BA200701392 /* Project object */ = {
			isa = PBXProject;
			attributes = {
				LastSwiftUpdateCheck = 1150;
				LastUpgradeCheck = 1150;
				ORGANIZATIONNAME = demo;
				TargetAttributes = {
					F1B09D51249E0BA200701392 = {
						CreatedOnToolsVersion = 11.5;
					};
				};
			};
			buildConfigurationList = F1B09D4D249E0BA200701392 /* Build configuration list for PBXProject "HandTrackingTest" */;
			compatibilityVersion = "Xcode 9.3";
			developmentRegion = en;
			hasScannedForEncodings = 0;
			knownRegions = (
				en,
				Base,
			);
			mainGroup = F1B09D49249E0BA200701392;
			productRefGroup = F1B09D53249E0BA200701392 /* Products */;
			projectDirPath = "";
			projectRoot = "";
			targets = (
				F1B09D51249E0BA200701392 /* HandTrackingTest */,
			);
		};
/* End PBXProject section */

/* Begin PBXResourcesBuildPhase section */
		F1B09D50249E0BA200701392 /* Resources */ = {
			isa = PBXResourcesBuildPhase;
			buildActionMask = 2147483647;
			files = (
				F1B09D62249E0BA400701392 /* LaunchScreen.storyboard in Resources */,
				F1B09D5F249E0BA400701392 /* Assets.xcassets in Resources */,
				F1B09D5D249E0BA200701392 /* Main.storyboard in Resources */,
			);
			runOnlyForDeploymentPostprocessing = 0;
		};
/* End PBXResourcesBuildPhase section */

/* Begin PBXSourcesBuildPhase section */
		F1B09D4E249E0BA200701392 /* Sources */ = {
			isa = PBXSourcesBuildPhase;
			buildActionMask = 2147483647;
			files = (
				F1B09D5A249E0BA200701392 /* ViewController.swift in Sources */,
				F1B09D6C249E0C5300701392 /* HandDetector.swift in Sources */,
				F1B09D56249E0BA200701392 /* AppDelegate.swift in Sources */,
				F1B09D58249E0BA200701392 /* SceneDelegate.swift in Sources */,
				F1B09D6A249E0BDD00701392 /* Hands.mlmodel in Sources */,
			);
			runOnlyForDeploymentPostprocessing = 0;
		};
/* End PBXSourcesBuildPhase section */

/* Begin PBXVariantGroup section */
		F1B09D5B249E0BA200701392 /* Main.storyboard */ = {
			isa = PBXVariantGroup;
			children = (
				F1B09D5C249E0BA200701392 /* Base */,
			);
			name = Main.storyboard;
			sourceTree = "<group>";
		};
		F1B09D60249E0BA400701392 /* LaunchScreen.storyboard */ = {
			isa = PBXVariantGroup;
			children = (
				F1B09D61249E0BA400701392 /* Base */,
			);
			name = LaunchScreen.storyboard;
			sourceTree = "<group>";
		};
/* End PBXVariantGroup section */

/* Begin XCBuildConfiguration section */
		F1B09D64249E0BA400701392 /* Debug */ = {
			isa = XCBuildConfiguration;
			buildSettings = {
				ALWAYS_SEARCH_USER_PATHS = NO;
				CLANG_ANALYZER_NONNULL = YES;
				CLANG_ANALYZER_NUMBER_OBJECT_CONVERSION = YES_AGGRESSIVE;
				CLANG_CXX_LANGUAGE_STANDARD = "gnu++14";
				CLANG_CXX_LIBRARY = "libc++";
				CLANG_ENABLE_MODULES = YES;
				CLANG_ENABLE_OBJC_ARC = YES;
				CLANG_ENABLE_OBJC_WEAK = YES;
				CLANG_WARN_BLOCK_CAPTURE_AUTORELEASING = YES;
				CLANG_WARN_BOOL_CONVERSION = YES;
				CLANG_WARN_COMMA = YES;
				CLANG_WARN_CONSTANT_CONVERSION = YES;
				CLANG_WARN_DEPRECATED_OBJC_IMPLEMENTATIONS = YES;
				CLANG_WARN_DIRECT_OBJC_ISA_USAGE = YES_ERROR;
				CLANG_WARN_DOCUMENTATION_COMMENTS = YES;
				CLANG_WARN_EMPTY_BODY = YES;
				CLANG_WARN_ENUM_CONVERSION = YES;
				CLANG_WARN_INFINITE_RECURSION = YES;
				CLANG_WARN_INT_CONVERSION = YES;
				CLANG_WARN_NON_LITERAL_NULL_CONVERSION = YES;
				CLANG_WARN_OBJC_IMPLICIT_RETAIN_SELF = YES;
				CLANG_WARN_OBJC_LITERAL_CONVERSION = YES;
				CLANG_WARN_OBJC_ROOT_CLASS = YES_ERROR;
				CLANG_WARN_RANGE_LOOP_ANALYSIS = YES;
				CLANG_WARN_STRICT_PROTOTYPES = YES;
				CLANG_WARN_SUSPICIOUS_MOVE = YES;
				CLANG_WARN_UNGUARDED_AVAILABILITY = YES_AGGRESSIVE;
				CLANG_WARN_UNREACHABLE_CODE = YES;
				CLANG_WARN__DUPLICATE_METHOD_MATCH = YES;
				COPY_PHASE_STRIP = NO;
				DEBUG_INFORMATION_FORMAT = dwarf;
				ENABLE_STRICT_OBJC_MSGSEND = YES;
				ENABLE_TESTABILITY = YES;
				GCC_C_LANGUAGE_STANDARD = gnu11;
				GCC_DYNAMIC_NO_PIC = NO;
				GCC_NO_COMMON_BLOCKS = YES;
				GCC_OPTIMIZATION_LEVEL = 0;
				GCC_PREPROCESSOR_DEFINITIONS = (
					"DEBUG=1",
					"$(inherited)",
				);
				GCC_WARN_64_TO_32_BIT_CONVERSION = YES;
				GCC_WARN_ABOUT_RETURN_TYPE = YES_ERROR;
				GCC_WARN_UNDECLARED_SELECTOR = YES;
				GCC_WARN_UNINITIALIZED_AUTOS = YES_AGGRESSIVE;
				GCC_WARN_UNUSED_FUNCTION = YES;
				GCC_WARN_UNUSED_VARIABLE = YES;
				IPHONEOS_DEPLOYMENT_TARGET = 13.5;
				MTL_ENABLE_DEBUG_INFO = INCLUDE_SOURCE;
				MTL_FAST_MATH = YES;
				ONLY_ACTIVE_ARCH = YES;
				SDKROOT = iphoneos;
				SWIFT_ACTIVE_COMPILATION_CONDITIONS = DEBUG;
				SWIFT_OPTIMIZATION_LEVEL = "-Onone";
			};
			name = Debug;
		};
		F1B09D65249E0BA400701392 /* Release */ = {
			isa = XCBuildConfiguration;
			buildSettings = {
				ALWAYS_SEARCH_USER_PATHS = NO;
				CLANG_ANALYZER_NONNULL = YES;
				CLANG_ANALYZER_NUMBER_OBJECT_CONVERSION = YES_AGGRESSIVE;
				CLANG_CXX_LANGUAGE_STANDARD = "gnu++14";
				CLANG_CXX_LIBRARY = "libc++";
				CLANG_ENABLE_MODULES = YES;
				CLANG_ENABLE_OBJC_ARC = YES;
				CLANG_ENABLE_OBJC_WEAK = YES;
				CLANG_WARN_BLOCK_CAPTURE_AUTORELEASING = YES;
				CLANG_WARN_BOOL_CONVERSION = YES;
				CLANG_WARN_COMMA = YES;
				CLANG_WARN_CONSTANT_CONVERSION = YES;
				CLANG_WARN_DEPRECATED_OBJC_IMPLEMENTATIONS = YES;
				CLANG_WARN_DIRECT_OBJC_ISA_USAGE = YES_ERROR;
				CLANG_WARN_DOCUMENTATION_COMMENTS = YES;
				CLANG_WARN_EMPTY_BODY = YES;
				CLANG_WARN_ENUM_CONVERSION = YES;
				CLANG_WARN_INFINITE_RECURSION = YES;
				CLANG_WARN_INT_CONVERSION = YES;
				CLANG_WARN_NON_LITERAL_NULL_CONVERSION = YES;
				CLANG_WARN_OBJC_IMPLICIT_RETAIN_SELF = YES;
				CLANG_WARN_OBJC_LITERAL_CONVERSION = YES;
				CLANG_WARN_OBJC_ROOT_CLASS = YES_ERROR;
				CLANG_WARN_RANGE_LOOP_ANALYSIS = YES;
				CLANG_WARN_STRICT_PROTOTYPES = YES;
				CLANG_WARN_SUSPICIOUS_MOVE = YES;
				CLANG_WARN_UNGUARDED_AVAILABILITY = YES_AGGRESSIVE;
				CLANG_WARN_UNREACHABLE_CODE = YES;
				CLANG_WARN__DUPLICATE_METHOD_MATCH = YES;
				COPY_PHASE_STRIP = NO;
				DEBUG_INFORMATION_FORMAT = "dwarf-with-dsym";
				ENABLE_NS_ASSERTIONS = NO;
				ENABLE_STRICT_OBJC_MSGSEND = YES;
				GCC_C_LANGUAGE_STANDARD = gnu11;
				GCC_NO_COMMON_BLOCKS = YES;
				GCC_WARN_64_TO_32_BIT_CONVERSION = YES;
				GCC_WARN_ABOUT_RETURN_TYPE = YES_ERROR;
				GCC_WARN_UNDECLARED_SELECTOR = YES;
				GCC_WARN_UNINITIALIZED_AUTOS = YES_AGGRESSIVE;
				GCC_WARN_UNUSED_FUNCTION = YES;
				GCC_WARN_UNUSED_VARIABLE = YES;
				IPHONEOS_DEPLOYMENT_TARGET = 13.5;
				MTL_ENABLE_DEBUG_INFO = NO;
				MTL_FAST_MATH = YES;
				SDKROOT = iphoneos;
				SWIFT_COMPILATION_MODE = wholemodule;
				SWIFT_OPTIMIZATION_LEVEL = "-O";
				VALIDATE_PRODUCT = YES;
			};
			name = Release;
		};
		F1B09D67249E0BA400701392 /* Debug */ = {
			isa = XCBuildConfiguration;
			buildSettings = {
				ASSETCATALOG_COMPILER_APPICON_NAME = AppIcon;
				CODE_SIGN_STYLE = Automatic;
				DEVELOPMENT_TEAM = "";
				INFOPLIST_FILE = HandTrackingTest/Info.plist;
				LD_RUNPATH_SEARCH_PATHS = (
					"$(inherited)",
					"@executable_path/Frameworks",
				);
				PRODUCT_BUNDLE_IDENTIFIER = com.test;
				PRODUCT_NAME = "$(TARGET_NAME)";
				SWIFT_VERSION = 5.0;
				TARGETED_DEVICE_FAMILY = "1,2";
			};
			name = Debug;
		};
		F1B09D68249E0BA400701392 /* Release */ = {
			isa = XCBuildConfiguration;
			buildSettings = {
				ASSETCATALOG_COMPILER_APPICON_NAME = AppIcon;
				CODE_SIGN_STYLE = Automatic;
				DEVELOPMENT_TEAM = "";
				INFOPLIST_FILE = HandTrackingTest/Info.plist;
				LD_RUNPATH_SEARCH_PATHS = (
					"$(inherited)",
					"@executable_path/Frameworks",
				);
				PRODUCT_BUNDLE_IDENTIFIER = com.test;
				PRODUCT_NAME = "$(TARGET_NAME)";
				SWIFT_VERSION = 5.0;
				TARGETED_DEVICE_FAMILY = "1,2";
			};
			name = Release;
		};
/* End XCBuildConfiguration section */

/* Begin XCConfigurationList section */
		F1B09D4D249E0BA200701392 /* Build configuration list for PBXProject "HandTrackingTest" */ = {
			isa = XCConfigurationList;
			buildConfigurations = (
				F1B09D64249E0BA400701392 /* Debug */,
				F1B09D65249E0BA400701392 /* Release */,
			);
			defaultConfigurationIsVisible = 0;
			defaultConfigurationName = Release;
		};
		F1B09D66249E0BA400701392 /* Build configuration list for PBXNativeTarget "HandTrackingTest" */ = {
			isa = XCConfigurationList;
			buildConfigurations = (
				F1B09D67249E0BA400701392 /* Debug */,
				F1B09D68249E0BA400701392 /* Release */,
			);
			defaultConfigurationIsVisible = 0;
			defaultConfigurationName = Release;
		};
/* End XCConfigurationList section */
	};
	rootObject = F1B09D4A249E0BA200701392 /* Project object */;
}
